
Microsoft Visual Studio Solution File, Format Version 12.00
# Visual Studio Version 17
VisualStudioVersion = 17.0.32014.148
MinimumVisualStudioVersion = 10.0.40219.1
Project("{FAE04EC0-301F-11D3-BF4B-00C04F79EFBC}") = "HelloWorld", "HelloWorld\HelloWorld.csproj", "{0D8554DD-8698-4E9E-8477-787A1E42F2A5}"
EndProject
Global
	GlobalSection(SolutionConfigurationPlatforms) = preSolution
		Debug|Any CPU = Debug|Any CPU
		Release|Any CPU = Release|Any CPU
	EndGlobalSection
	GlobalSection(ProjectConfigurationPlatforms) = postSolution
		{0D8554DD-8698-4E9E-8477-787A1E42F2A5}.Debug|Any CPU.ActiveCfg = Debug|Any CPU
		{0D8554DD-8698-4E9E-8477-787A1E42F2A5}.Debug|Any CPU.Build.0 = Debug|Any CPU
		{0D8554DD-8698-4E9E-8477-787A1E42F2A5}.Release|Any CPU.ActiveCfg = Release|Any CPU
		{0D8554DD-8698-4E9E-8477-787A1E42F2A5}.Release|Any CPU.Build.0 = Release|Any CPU
	EndGlobalSection
	GlobalSection(SolutionProperties) = preSolution
		HideSolutionNode = FALSE
	EndGlobalSection
	GlobalSection(ExtensibilityGlobals) = postSolution
		SolutionGuid = {10AAD5D6-A9E6-49D0-842E-B4BFB1A048FB}
	EndGlobalSection
EndGlobal
