
Microsoft Visual Studio Solution File, Format Version 12.00
Project("{FAE04EC0-301F-11D3-BF4B-00C04F79EFBC}") = "DemosXF", "DemosXF\DemosXF.csproj", "{E894B185-AAEF-4612-8835-3C1450C75653}"
EndProject
Project("{FAE04EC0-301F-11D3-BF4B-00C04F79EFBC}") = "DemosXF.Android", "DemosXF.Android\DemosXF.Android.csproj", "{EB04C2DB-A367-47E9-8F5B-A6C98550F60F}"
EndProject
Project("{FAE04EC0-301F-11D3-BF4B-00C04F79EFBC}") = "DemosXF.iOS", "DemosXF.iOS\DemosXF.iOS.csproj", "{BA6B09B3-4AFD-4078-B486-AA383CB37487}"
EndProject
Global
	GlobalSection(SolutionConfigurationPlatforms) = preSolution
		Ad-Hoc|iPhone = Ad-Hoc|iPhone
		AppStore|iPhone = AppStore|iPhone
		Debug|Any CPU = Debug|Any CPU
		Debug|iPhone = Debug|iPhone
		Debug|iPhoneSimulator = Debug|iPhoneSimulator
		Release|Any CPU = Release|Any CPU
		Release|iPhone = Release|iPhone
		Release|iPhoneSimulator = Release|iPhoneSimulator
	EndGlobalSection
	GlobalSection(ProjectConfigurationPlatforms) = postSolution
		{E894B185-AAEF-4612-8835-3C1450C75653}.Ad-Hoc|iPhone.ActiveCfg = Debug|Any CPU
		{E894B185-AAEF-4612-8835-3C1450C75653}.Ad-Hoc|iPhone.Build.0 = Debug|Any CPU
		{E894B185-AAEF-4612-8835-3C1450C75653}.AppStore|iPhone.ActiveCfg = Debug|Any CPU
		{E894B185-AAEF-4612-8835-3C1450C75653}.AppStore|iPhone.Build.0 = Debug|Any CPU
		{E894B185-AAEF-4612-8835-3C1450C75653}.Debug|Any CPU.ActiveCfg = Debug|Any CPU
		{E894B185-AAEF-4612-8835-3C1450C75653}.Debug|Any CPU.Build.0 = Debug|Any CPU
		{E894B185-AAEF-4612-8835-3C1450C75653}.Debug|iPhone.ActiveCfg = Debug|Any CPU
		{E894B185-AAEF-4612-8835-3C1450C75653}.Debug|iPhone.Build.0 = Debug|Any CPU
		{E894B185-AAEF-4612-8835-3C1450C75653}.Debug|iPhoneSimulator.ActiveCfg = Debug|Any CPU
		{E894B185-AAEF-4612-8835-3C1450C75653}.Debug|iPhoneSimulator.Build.0 = Debug|Any CPU
		{E894B185-AAEF-4612-8835-3C1450C75653}.Release|Any CPU.ActiveCfg = Release|Any CPU
		{E894B185-AAEF-4612-8835-3C1450C75653}.Release|Any CPU.Build.0 = Release|Any CPU
		{E894B185-AAEF-4612-8835-3C1450C75653}.Release|iPhone.ActiveCfg = Release|Any CPU
		{E894B185-AAEF-4612-8835-3C1450C75653}.Release|iPhone.Build.0 = Release|Any CPU
		{E894B185-AAEF-4612-8835-3C1450C75653}.Release|iPhoneSimulator.ActiveCfg = Release|Any CPU
		{E894B185-AAEF-4612-8835-3C1450C75653}.Release|iPhoneSimulator.Build.0 = Release|Any CPU
		{EB04C2DB-A367-47E9-8F5B-A6C98550F60F}.Ad-Hoc|iPhone.ActiveCfg = Debug|Any CPU
		{EB04C2DB-A367-47E9-8F5B-A6C98550F60F}.Ad-Hoc|iPhone.Build.0 = Debug|Any CPU
		{EB04C2DB-A367-47E9-8F5B-A6C98550F60F}.Ad-Hoc|iPhone.Deploy.0 = Debug|Any CPU
		{EB04C2DB-A367-47E9-8F5B-A6C98550F60F}.AppStore|iPhone.ActiveCfg = Debug|Any CPU
		{EB04C2DB-A367-47E9-8F5B-A6C98550F60F}.AppStore|iPhone.Build.0 = Debug|Any CPU
		{EB04C2DB-A367-47E9-8F5B-A6C98550F60F}.AppStore|iPhone.Deploy.0 = Debug|Any CPU
		{EB04C2DB-A367-47E9-8F5B-A6C98550F60F}.Debug|Any CPU.ActiveCfg = Debug|Any CPU
		{EB04C2DB-A367-47E9-8F5B-A6C98550F60F}.Debug|Any CPU.Build.0 = Debug|Any CPU
		{EB04C2DB-A367-47E9-8F5B-A6C98550F60F}.Debug|Any CPU.Deploy.0 = Debug|Any CPU
		{EB04C2DB-A367-47E9-8F5B-A6C98550F60F}.Debug|iPhone.ActiveCfg = Debug|Any CPU
		{EB04C2DB-A367-47E9-8F5B-A6C98550F60F}.Debug|iPhone.Build.0 = Debug|Any CPU
		{EB04C2DB-A367-47E9-8F5B-A6C98550F60F}.Debug|iPhone.Deploy.0 = Debug|Any CPU
		{EB04C2DB-A367-47E9-8F5B-A6C98550F60F}.Debug|iPhoneSimulator.ActiveCfg = Debug|Any CPU
		{EB04C2DB-A367-47E9-8F5B-A6C98550F60F}.Debug|iPhoneSimulator.Build.0 = Debug|Any CPU
		{EB04C2DB-A367-47E9-8F5B-A6C98550F60F}.Debug|iPhoneSimulator.Deploy.0 = Debug|Any CPU
		{EB04C2DB-A367-47E9-8F5B-A6C98550F60F}.Release|Any CPU.ActiveCfg = Release|Any CPU
		{EB04C2DB-A367-47E9-8F5B-A6C98550F60F}.Release|Any CPU.Build.0 = Release|Any CPU
		{EB04C2DB-A367-47E9-8F5B-A6C98550F60F}.Release|Any CPU.Deploy.0 = Release|Any CPU
		{EB04C2DB-A367-47E9-8F5B-A6C98550F60F}.Release|iPhone.ActiveCfg = Release|Any CPU
		{EB04C2DB-A367-47E9-8F5B-A6C98550F60F}.Release|iPhone.Build.0 = Release|Any CPU
		{EB04C2DB-A367-47E9-8F5B-A6C98550F60F}.Release|iPhone.Deploy.0 = Release|Any CPU
		{EB04C2DB-A367-47E9-8F5B-A6C98550F60F}.Release|iPhoneSimulator.ActiveCfg = Release|Any CPU
		{EB04C2DB-A367-47E9-8F5B-A6C98550F60F}.Release|iPhoneSimulator.Build.0 = Release|Any CPU
		{EB04C2DB-A367-47E9-8F5B-A6C98550F60F}.Release|iPhoneSimulator.Deploy.0 = Release|Any CPU
		{BA6B09B3-4AFD-4078-B486-AA383CB37487}.Ad-Hoc|iPhone.ActiveCfg = Ad-Hoc|iPhone
		{BA6B09B3-4AFD-4078-B486-AA383CB37487}.Ad-Hoc|iPhone.Build.0 = Ad-Hoc|iPhone
		{BA6B09B3-4AFD-4078-B486-AA383CB37487}.Ad-Hoc|iPhone.Deploy.0 = Ad-Hoc|iPhone
		{BA6B09B3-4AFD-4078-B486-AA383CB37487}.AppStore|iPhone.ActiveCfg = AppStore|iPhone
		{BA6B09B3-4AFD-4078-B486-AA383CB37487}.AppStore|iPhone.Build.0 = AppStore|iPhone
		{BA6B09B3-4AFD-4078-B486-AA383CB37487}.AppStore|iPhone.Deploy.0 = AppStore|iPhone
		{BA6B09B3-4AFD-4078-B486-AA383CB37487}.Debug|Any CPU.ActiveCfg = Debug|iPhoneSimulator
		{BA6B09B3-4AFD-4078-B486-AA383CB37487}.Debug|Any CPU.Build.0 = Debug|iPhoneSimulator
		{BA6B09B3-4AFD-4078-B486-AA383CB37487}.Debug|Any CPU.Deploy.0 = Debug|iPhoneSimulator
		{BA6B09B3-4AFD-4078-B486-AA383CB37487}.Debug|iPhone.ActiveCfg = Debug|iPhone
		{BA6B09B3-4AFD-4078-B486-AA383CB37487}.Debug|iPhone.Build.0 = Debug|iPhone
		{BA6B09B3-4AFD-4078-B486-AA383CB37487}.Debug|iPhone.Deploy.0 = Debug|iPhone
		{BA6B09B3-4AFD-4078-B486-AA383CB37487}.Debug|iPhoneSimulator.ActiveCfg = Debug|iPhoneSimulator
		{BA6B09B3-4AFD-4078-B486-AA383CB37487}.Debug|iPhoneSimulator.Build.0 = Debug|iPhoneSimulator
		{BA6B09B3-4AFD-4078-B486-AA383CB37487}.Debug|iPhoneSimulator.Deploy.0 = Debug|iPhoneSimulator
		{BA6B09B3-4AFD-4078-B486-AA383CB37487}.Release|Any CPU.ActiveCfg = Release|iPhoneSimulator
		{BA6B09B3-4AFD-4078-B486-AA383CB37487}.Release|Any CPU.Build.0 = Release|iPhoneSimulator
		{BA6B09B3-4AFD-4078-B486-AA383CB37487}.Release|Any CPU.Deploy.0 = Release|iPhoneSimulator
		{BA6B09B3-4AFD-4078-B486-AA383CB37487}.Release|iPhone.ActiveCfg = Release|iPhone
		{BA6B09B3-4AFD-4078-B486-AA383CB37487}.Release|iPhone.Build.0 = Release|iPhone
		{BA6B09B3-4AFD-4078-B486-AA383CB37487}.Release|iPhone.Deploy.0 = Release|iPhone
		{BA6B09B3-4AFD-4078-B486-AA383CB37487}.Release|iPhoneSimulator.ActiveCfg = Release|iPhoneSimulator
		{BA6B09B3-4AFD-4078-B486-AA383CB37487}.Release|iPhoneSimulator.Build.0 = Release|iPhoneSimulator
		{BA6B09B3-4AFD-4078-B486-AA383CB37487}.Release|iPhoneSimulator.Deploy.0 = Release|iPhoneSimulator
	EndGlobalSection
EndGlobal
