
Microsoft Visual Studio Solution File, Format Version 12.00
# Visual Studio Version 16
VisualStudioVersion = 16.0.31829.152
MinimumVisualStudioVersion = 10.0.40219.1
Project("{FAE04EC0-301F-11D3-BF4B-00C04F79EFBC}") = "PagesDemos.Android", "PagesDemos\PagesDemos.Android\PagesDemos.Android.csproj", "{403CB8CE-F2E8-4BAD-A5E4-B88F35362D1F}"
EndProject
Project("{FAE04EC0-301F-11D3-BF4B-00C04F79EFBC}") = "PagesDemos.iOS", "PagesDemos\PagesDemos.iOS\PagesDemos.iOS.csproj", "{7A63B174-7F2E-4DF0-95B6-7CA02E95511E}"
EndProject
Project("{FAE04EC0-301F-11D3-BF4B-00C04F79EFBC}") = "PagesDemos", "PagesDemos\PagesDemos\PagesDemos.csproj", "{F889F9B1-483F-4D81-ACC1-D94311FDD0D5}"
EndProject
Global
	GlobalSection(SolutionConfigurationPlatforms) = preSolution
		Debug|Any CPU = Debug|Any CPU
		Debug|iPhone = Debug|iPhone
		Debug|iPhoneSimulator = Debug|iPhoneSimulator
		Release|Any CPU = Release|Any CPU
		Release|iPhone = Release|iPhone
		Release|iPhoneSimulator = Release|iPhoneSimulator
	EndGlobalSection
	GlobalSection(ProjectConfigurationPlatforms) = postSolution
		{403CB8CE-F2E8-4BAD-A5E4-B88F35362D1F}.Debug|Any CPU.ActiveCfg = Debug|Any CPU
		{403CB8CE-F2E8-4BAD-A5E4-B88F35362D1F}.Debug|Any CPU.Build.0 = Debug|Any CPU
		{403CB8CE-F2E8-4BAD-A5E4-B88F35362D1F}.Debug|Any CPU.Deploy.0 = Debug|Any CPU
		{403CB8CE-F2E8-4BAD-A5E4-B88F35362D1F}.Debug|iPhone.ActiveCfg = Debug|Any CPU
		{403CB8CE-F2E8-4BAD-A5E4-B88F35362D1F}.Debug|iPhone.Build.0 = Debug|Any CPU
		{403CB8CE-F2E8-4BAD-A5E4-B88F35362D1F}.Debug|iPhone.Deploy.0 = Debug|Any CPU
		{403CB8CE-F2E8-4BAD-A5E4-B88F35362D1F}.Debug|iPhoneSimulator.ActiveCfg = Debug|Any CPU
		{403CB8CE-F2E8-4BAD-A5E4-B88F35362D1F}.Debug|iPhoneSimulator.Build.0 = Debug|Any CPU
		{403CB8CE-F2E8-4BAD-A5E4-B88F35362D1F}.Debug|iPhoneSimulator.Deploy.0 = Debug|Any CPU
		{403CB8CE-F2E8-4BAD-A5E4-B88F35362D1F}.Release|Any CPU.ActiveCfg = Release|Any CPU
		{403CB8CE-F2E8-4BAD-A5E4-B88F35362D1F}.Release|Any CPU.Build.0 = Release|Any CPU
		{403CB8CE-F2E8-4BAD-A5E4-B88F35362D1F}.Release|Any CPU.Deploy.0 = Release|Any CPU
		{403CB8CE-F2E8-4BAD-A5E4-B88F35362D1F}.Release|iPhone.ActiveCfg = Release|Any CPU
		{403CB8CE-F2E8-4BAD-A5E4-B88F35362D1F}.Release|iPhone.Build.0 = Release|Any CPU
		{403CB8CE-F2E8-4BAD-A5E4-B88F35362D1F}.Release|iPhone.Deploy.0 = Release|Any CPU
		{403CB8CE-F2E8-4BAD-A5E4-B88F35362D1F}.Release|iPhoneSimulator.ActiveCfg = Release|Any CPU
		{403CB8CE-F2E8-4BAD-A5E4-B88F35362D1F}.Release|iPhoneSimulator.Build.0 = Release|Any CPU
		{403CB8CE-F2E8-4BAD-A5E4-B88F35362D1F}.Release|iPhoneSimulator.Deploy.0 = Release|Any CPU
		{7A63B174-7F2E-4DF0-95B6-7CA02E95511E}.Debug|Any CPU.ActiveCfg = Debug|iPhone
		{7A63B174-7F2E-4DF0-95B6-7CA02E95511E}.Debug|Any CPU.Build.0 = Debug|iPhone
		{7A63B174-7F2E-4DF0-95B6-7CA02E95511E}.Debug|Any CPU.Deploy.0 = Debug|iPhone
		{7A63B174-7F2E-4DF0-95B6-7CA02E95511E}.Debug|iPhone.ActiveCfg = Debug|iPhone
		{7A63B174-7F2E-4DF0-95B6-7CA02E95511E}.Debug|iPhone.Build.0 = Debug|iPhone
		{7A63B174-7F2E-4DF0-95B6-7CA02E95511E}.Debug|iPhone.Deploy.0 = Debug|iPhone
		{7A63B174-7F2E-4DF0-95B6-7CA02E95511E}.Debug|iPhoneSimulator.ActiveCfg = Debug|iPhoneSimulator
		{7A63B174-7F2E-4DF0-95B6-7CA02E95511E}.Debug|iPhoneSimulator.Build.0 = Debug|iPhoneSimulator
		{7A63B174-7F2E-4DF0-95B6-7CA02E95511E}.Debug|iPhoneSimulator.Deploy.0 = Debug|iPhoneSimulator
		{7A63B174-7F2E-4DF0-95B6-7CA02E95511E}.Release|Any CPU.ActiveCfg = Release|iPhoneSimulator
		{7A63B174-7F2E-4DF0-95B6-7CA02E95511E}.Release|Any CPU.Build.0 = Release|iPhoneSimulator
		{7A63B174-7F2E-4DF0-95B6-7CA02E95511E}.Release|Any CPU.Deploy.0 = Release|iPhoneSimulator
		{7A63B174-7F2E-4DF0-95B6-7CA02E95511E}.Release|iPhone.ActiveCfg = Release|iPhone
		{7A63B174-7F2E-4DF0-95B6-7CA02E95511E}.Release|iPhone.Build.0 = Release|iPhone
		{7A63B174-7F2E-4DF0-95B6-7CA02E95511E}.Release|iPhone.Deploy.0 = Release|iPhone
		{7A63B174-7F2E-4DF0-95B6-7CA02E95511E}.Release|iPhoneSimulator.ActiveCfg = Release|iPhoneSimulator
		{7A63B174-7F2E-4DF0-95B6-7CA02E95511E}.Release|iPhoneSimulator.Build.0 = Release|iPhoneSimulator
		{7A63B174-7F2E-4DF0-95B6-7CA02E95511E}.Release|iPhoneSimulator.Deploy.0 = Release|iPhoneSimulator
		{F889F9B1-483F-4D81-ACC1-D94311FDD0D5}.Debug|Any CPU.ActiveCfg = Debug|Any CPU
		{F889F9B1-483F-4D81-ACC1-D94311FDD0D5}.Debug|Any CPU.Build.0 = Debug|Any CPU
		{F889F9B1-483F-4D81-ACC1-D94311FDD0D5}.Debug|Any CPU.Deploy.0 = Debug|Any CPU
		{F889F9B1-483F-4D81-ACC1-D94311FDD0D5}.Debug|iPhone.ActiveCfg = Debug|Any CPU
		{F889F9B1-483F-4D81-ACC1-D94311FDD0D5}.Debug|iPhone.Build.0 = Debug|Any CPU
		{F889F9B1-483F-4D81-ACC1-D94311FDD0D5}.Debug|iPhone.Deploy.0 = Debug|Any CPU
		{F889F9B1-483F-4D81-ACC1-D94311FDD0D5}.Debug|iPhoneSimulator.ActiveCfg = Debug|Any CPU
		{F889F9B1-483F-4D81-ACC1-D94311FDD0D5}.Debug|iPhoneSimulator.Build.0 = Debug|Any CPU
		{F889F9B1-483F-4D81-ACC1-D94311FDD0D5}.Debug|iPhoneSimulator.Deploy.0 = Debug|Any CPU
		{F889F9B1-483F-4D81-ACC1-D94311FDD0D5}.Release|Any CPU.ActiveCfg = Release|Any CPU
		{F889F9B1-483F-4D81-ACC1-D94311FDD0D5}.Release|Any CPU.Build.0 = Release|Any CPU
		{F889F9B1-483F-4D81-ACC1-D94311FDD0D5}.Release|Any CPU.Deploy.0 = Release|Any CPU
		{F889F9B1-483F-4D81-ACC1-D94311FDD0D5}.Release|iPhone.ActiveCfg = Release|Any CPU
		{F889F9B1-483F-4D81-ACC1-D94311FDD0D5}.Release|iPhone.Build.0 = Release|Any CPU
		{F889F9B1-483F-4D81-ACC1-D94311FDD0D5}.Release|iPhone.Deploy.0 = Release|Any CPU
		{F889F9B1-483F-4D81-ACC1-D94311FDD0D5}.Release|iPhoneSimulator.ActiveCfg = Release|Any CPU
		{F889F9B1-483F-4D81-ACC1-D94311FDD0D5}.Release|iPhoneSimulator.Build.0 = Release|Any CPU
		{F889F9B1-483F-4D81-ACC1-D94311FDD0D5}.Release|iPhoneSimulator.Deploy.0 = Release|Any CPU
	EndGlobalSection
	GlobalSection(SolutionProperties) = preSolution
		HideSolutionNode = FALSE
	EndGlobalSection
	GlobalSection(ExtensibilityGlobals) = postSolution
		SolutionGuid = {0BFA25F9-3ADB-4E3A-8C28-DA6A0A473DF5}
	EndGlobalSection
EndGlobal
